// !$*UTF8*$!
{
	archiveVersion = 1;
	classes = {
	};
	objectVersion = 50;
	objects = {

/* Begin PBXBuildFile section */
		16DFB48A220DA3CC0029D9C8 /* SwiftWrapperForCLib.framework in Frameworks */ = {isa = PBXBuildFile; fileRef = 16DFB480220DA3CC0029D9C8 /* SwiftWrapperForCLib.framework */; };
		16DFB48F220DA3CC0029D9C8 /* SwiftWrapperForCLibTests.swift in Sources */ = {isa = PBXBuildFile; fileRef = 16DFB48E220DA3CC0029D9C8 /* SwiftWrapperForCLibTests.swift */; };
		16DFB5F8220DB21B0029D9C8 /* libExampleCLibrary.a in Frameworks */ = {isa = PBXBuildFile; fileRef = 16DFB4A0220DA42A0029D9C8 /* libExampleCLibrary.a */; };
		16DFB5FD22125FE20029D9C8 /* Dummy.swift in Sources */ = {isa = PBXBuildFile; fileRef = 16DFB5FC22125FE20029D9C8 /* Dummy.swift */; };
		16DFB6372213DCF00029D9C8 /* SwiftWrapper.swift in Sources */ = {isa = PBXBuildFile; fileRef = 16DFB6362213DCF00029D9C8 /* SwiftWrapper.swift */; };
/* End PBXBuildFile section */

/* Begin PBXContainerItemProxy section */
		16DFB48B220DA3CC0029D9C8 /* PBXContainerItemProxy */ = {
			isa = PBXContainerItemProxy;
			containerPortal = 16DFB477220DA3CB0029D9C8 /* Project object */;
			proxyType = 1;
			remoteGlobalIDString = 16DFB47F220DA3CC0029D9C8;
			remoteInfo = SwiftWrapperForCLib;
		};
		16DFB49F220DA42A0029D9C8 /* PBXContainerItemProxy */ = {
			isa = PBXContainerItemProxy;
			containerPortal = 16DFB49A220DA42A0029D9C8 /* ExampleCLibrary.xcodeproj */;
			proxyType = 2;
			remoteGlobalIDString = 16DFB45B220932BD0029D9C8;
			remoteInfo = ExampleCLibrary;
		};
		16DFB4A1220DA42A0029D9C8 /* PBXContainerItemProxy */ = {
			isa = PBXContainerItemProxy;
			containerPortal = 16DFB49A220DA42A0029D9C8 /* ExampleCLibrary.xcodeproj */;
			proxyType = 2;
			remoteGlobalIDString = 16DFB46B220934BE0029D9C8;
			remoteInfo = ExampleCLibraryTests;
		};
		16DFB4A5220DA4660029D9C8 /* PBXContainerItemProxy */ = {
			isa = PBXContainerItemProxy;
			containerPortal = 16DFB49A220DA42A0029D9C8 /* ExampleCLibrary.xcodeproj */;
			proxyType = 1;
			remoteGlobalIDString = 16DFB45A220932BD0029D9C8;
			remoteInfo = ExampleCLibrary;
		};
/* End PBXContainerItemProxy section */

/* Begin PBXFileReference section */
		16DFB480220DA3CC0029D9C8 /* SwiftWrapperForCLib.framework */ = {isa = PBXFileReference; explicitFileType = wrapper.framework; includeInIndex = 0; path = SwiftWrapperForCLib.framework; sourceTree = BUILT_PRODUCTS_DIR; };
		16DFB484220DA3CC0029D9C8 /* Info.plist */ = {isa = PBXFileReference; lastKnownFileType = text.plist.xml; path = Info.plist; sourceTree = "<group>"; };
		16DFB489220DA3CC0029D9C8 /* SwiftWrapperForCLibTests.xctest */ = {isa = PBXFileReference; explicitFileType = wrapper.cfbundle; includeInIndex = 0; path = SwiftWrapperForCLibTests.xctest; sourceTree = BUILT_PRODUCTS_DIR; };
		16DFB48E220DA3CC0029D9C8 /* SwiftWrapperForCLibTests.swift */ = {isa = PBXFileReference; lastKnownFileType = sourcecode.swift; path = SwiftWrapperForCLibTests.swift; sourceTree = "<group>"; };
		16DFB490220DA3CC0029D9C8 /* Info.plist */ = {isa = PBXFileReference; lastKnownFileType = text.plist.xml; path = Info.plist; sourceTree = "<group>"; };
		16DFB49A220DA42A0029D9C8 /* ExampleCLibrary.xcodeproj */ = {isa = PBXFileReference; lastKnownFileType = "wrapper.pb-project"; name = ExampleCLibrary.xcodeproj; path = ../ExampleCLibrary/ExampleCLibrary.xcodeproj; sourceTree = "<group>"; };
		16DFB5FC22125FE20029D9C8 /* Dummy.swift */ = {isa = PBXFileReference; lastKnownFileType = sourcecode.swift; path = Dummy.swift; sourceTree = "<group>"; };
		16DFB5FF221262E10029D9C8 /* ExampleCLibrary.h */ = {isa = PBXFileReference; lastKnownFileType = sourcecode.c.h; name = ExampleCLibrary.h; path = ../ExampleCLibrary/ExampleCLibrary/ExampleCLibrary.h; sourceTree = "<group>"; };
		16DFB6362213DCF00029D9C8 /* SwiftWrapper.swift */ = {isa = PBXFileReference; lastKnownFileType = sourcecode.swift; path = SwiftWrapper.swift; sourceTree = "<group>"; };
/* End PBXFileReference section */

/* Begin PBXFrameworksBuildPhase section */
		16DFB47D220DA3CC0029D9C8 /* Frameworks */ = {
			isa = PBXFrameworksBuildPhase;
			buildActionMask = 2147483647;
			files = (
				16DFB5F8220DB21B0029D9C8 /* libExampleCLibrary.a in Frameworks */,
			);
			runOnlyForDeploymentPostprocessing = 0;
		};
		16DFB486220DA3CC0029D9C8 /* Frameworks */ = {
			isa = PBXFrameworksBuildPhase;
			buildActionMask = 2147483647;
			files = (
				16DFB48A220DA3CC0029D9C8 /* SwiftWrapperForCLib.framework in Frameworks */,
			);
			runOnlyForDeploymentPostprocessing = 0;
		};
/* End PBXFrameworksBuildPhase section */

/* Begin PBXGroup section */
		16DFB476220DA3CB0029D9C8 = {
			isa = PBXGroup;
			children = (
				16DFB6362213DCF00029D9C8 /* SwiftWrapper.swift */,
				16DFB5FF221262E10029D9C8 /* ExampleCLibrary.h */,
				16DFB5FC22125FE20029D9C8 /* Dummy.swift */,
				16DFB49A220DA42A0029D9C8 /* ExampleCLibrary.xcodeproj */,
				16DFB482220DA3CC0029D9C8 /* SwiftWrapperForCLib */,
				16DFB48D220DA3CC0029D9C8 /* SwiftWrapperForCLibTests */,
				16DFB481220DA3CC0029D9C8 /* Products */,
				16DFB4A3220DA4450029D9C8 /* Frameworks */,
			);
			sourceTree = "<group>";
		};
		16DFB481220DA3CC0029D9C8 /* Products */ = {
			isa = PBXGroup;
			children = (
				16DFB480220DA3CC0029D9C8 /* SwiftWrapperForCLib.framework */,
				16DFB489220DA3CC0029D9C8 /* SwiftWrapperForCLibTests.xctest */,
			);
			name = Products;
			sourceTree = "<group>";
		};
		16DFB482220DA3CC0029D9C8 /* SwiftWrapperForCLib */ = {
			isa = PBXGroup;
			children = (
				16DFB484220DA3CC0029D9C8 /* Info.plist */,
			);
			path = SwiftWrapperForCLib;
			sourceTree = "<group>";
		};
		16DFB48D220DA3CC0029D9C8 /* SwiftWrapperForCLibTests */ = {
			isa = PBXGroup;
			children = (
				16DFB48E220DA3CC0029D9C8 /* SwiftWrapperForCLibTests.swift */,
				16DFB490220DA3CC0029D9C8 /* Info.plist */,
			);
			path = SwiftWrapperForCLibTests;
			sourceTree = "<group>";
		};
		16DFB49B220DA42A0029D9C8 /* Products */ = {
			isa = PBXGroup;
			children = (
				16DFB4A0220DA42A0029D9C8 /* libExampleCLibrary.a */,
				16DFB4A2220DA42A0029D9C8 /* ExampleCLibraryTests.xctest */,
			);
			name = Products;
			sourceTree = "<group>";
		};
		16DFB4A3220DA4450029D9C8 /* Frameworks */ = {
			isa = PBXGroup;
			children = (
			);
			name = Frameworks;
			sourceTree = "<group>";
		};
/* End PBXGroup section */

/* Begin PBXHeadersBuildPhase section */
		16DFB47B220DA3CC0029D9C8 /* Headers */ = {
			isa = PBXHeadersBuildPhase;
			buildActionMask = 2147483647;
			files = (
			);
			runOnlyForDeploymentPostprocessing = 0;
		};
/* End PBXHeadersBuildPhase section */

/* Begin PBXNativeTarget section */
		16DFB47F220DA3CC0029D9C8 /* SwiftWrapperForCLib */ = {
			isa = PBXNativeTarget;
			buildConfigurationList = 16DFB494220DA3CC0029D9C8 /* Build configuration list for PBXNativeTarget "SwiftWrapperForCLib" */;
			buildPhases = (
				16DFB47B220DA3CC0029D9C8 /* Headers */,
				16DFB47C220DA3CC0029D9C8 /* Sources */,
				16DFB47D220DA3CC0029D9C8 /* Frameworks */,
				16DFB47E220DA3CC0029D9C8 /* Resources */,
			);
			buildRules = (
			);
			dependencies = (
				16DFB4A6220DA4660029D9C8 /* PBXTargetDependency */,
			);
			name = SwiftWrapperForCLib;
			productName = SwiftWrapperForCLib;
			productReference = 16DFB480220DA3CC0029D9C8 /* SwiftWrapperForCLib.framework */;
			productType = "com.apple.product-type.framework";
		};
		16DFB488220DA3CC0029D9C8 /* SwiftWrapperForCLibTests */ = {
			isa = PBXNativeTarget;
			buildConfigurationList = 16DFB497220DA3CC0029D9C8 /* Build configuration list for PBXNativeTarget "SwiftWrapperForCLibTests" */;
			buildPhases = (
				16DFB485220DA3CC0029D9C8 /* Sources */,
				16DFB486220DA3CC0029D9C8 /* Frameworks */,
				16DFB487220DA3CC0029D9C8 /* Resources */,
			);
			buildRules = (
			);
			dependencies = (
				16DFB48C220DA3CC0029D9C8 /* PBXTargetDependency */,
			);
			name = SwiftWrapperForCLibTests;
			productName = SwiftWrapperForCLibTests;
			productReference = 16DFB489220DA3CC0029D9C8 /* SwiftWrapperForCLibTests.xctest */;
			productType = "com.apple.product-type.bundle.unit-test";
		};
/* End PBXNativeTarget section */

/* Begin PBXProject section */
		16DFB477220DA3CB0029D9C8 /* Project object */ = {
			isa = PBXProject;
			attributes = {
				LastSwiftUpdateCheck = 1010;
				LastUpgradeCheck = 1010;
				ORGANIZATIONNAME = Humlan;
				TargetAttributes = {
					16DFB47F220DA3CC0029D9C8 = {
						CreatedOnToolsVersion = 10.1;
						LastSwiftMigration = 1010;
					};
					16DFB488220DA3CC0029D9C8 = {
						CreatedOnToolsVersion = 10.1;
					};
				};
			};
			buildConfigurationList = 16DFB47A220DA3CB0029D9C8 /* Build configuration list for PBXProject "SwiftWrapperForCLib" */;
			compatibilityVersion = "Xcode 9.3";
			developmentRegion = en;
			hasScannedForEncodings = 0;
			knownRegions = (
				en,
			);
			mainGroup = 16DFB476220DA3CB0029D9C8;
			productRefGroup = 16DFB481220DA3CC0029D9C8 /* Products */;
			projectDirPath = "";
			projectReferences = (
				{
					ProductGroup = 16DFB49B220DA42A0029D9C8 /* Products */;
					ProjectRef = 16DFB49A220DA42A0029D9C8 /* ExampleCLibrary.xcodeproj */;
				},
			);
			projectRoot = "";
			targets = (
				16DFB47F220DA3CC0029D9C8 /* SwiftWrapperForCLib */,
				16DFB488220DA3CC0029D9C8 /* SwiftWrapperForCLibTests */,
			);
		};
/* End PBXProject section */

/* Begin PBXReferenceProxy section */
		16DFB4A0220DA42A0029D9C8 /* libExampleCLibrary.a */ = {
			isa = PBXReferenceProxy;
			fileType = archive.ar;
			path = libExampleCLibrary.a;
			remoteRef = 16DFB49F220DA42A0029D9C8 /* PBXContainerItemProxy */;
			sourceTree = BUILT_PRODUCTS_DIR;
		};
		16DFB4A2220DA42A0029D9C8 /* ExampleCLibraryTests.xctest */ = {
			isa = PBXReferenceProxy;
			fileType = wrapper.cfbundle;
			path = ExampleCLibraryTests.xctest;
			remoteRef = 16DFB4A1220DA42A0029D9C8 /* PBXContainerItemProxy */;
			sourceTree = BUILT_PRODUCTS_DIR;
		};
/* End PBXReferenceProxy section */

/* Begin PBXResourcesBuildPhase section */
		16DFB47E220DA3CC0029D9C8 /* Resources */ = {
			isa = PBXResourcesBuildPhase;
			buildActionMask = 2147483647;
			files = (
			);
			runOnlyForDeploymentPostprocessing = 0;
		};
		16DFB487220DA3CC0029D9C8 /* Resources */ = {
			isa = PBXResourcesBuildPhase;
			buildActionMask = 2147483647;
			files = (
			);
			runOnlyForDeploymentPostprocessing = 0;
		};
/* End PBXResourcesBuildPhase section */

/* Begin PBXSourcesBuildPhase section */
		16DFB47C220DA3CC0029D9C8 /* Sources */ = {
			isa = PBXSourcesBuildPhase;
			buildActionMask = 2147483647;
			files = (
				16DFB5FD22125FE20029D9C8 /* Dummy.swift in Sources */,
				16DFB6372213DCF00029D9C8 /* SwiftWrapper.swift in Sources */,
			);
			runOnlyForDeploymentPostprocessing = 0;
		};
		16DFB485220DA3CC0029D9C8 /* Sources */ = {
			isa = PBXSourcesBuildPhase;
			buildActionMask = 2147483647;
			files = (
				16DFB48F220DA3CC0029D9C8 /* SwiftWrapperForCLibTests.swift in Sources */,
			);
			runOnlyForDeploymentPostprocessing = 0;
		};
/* End PBXSourcesBuildPhase section */

/* Begin PBXTargetDependency section */
		16DFB48C220DA3CC0029D9C8 /* PBXTargetDependency */ = {
			isa = PBXTargetDependency;
			target = 16DFB47F220DA3CC0029D9C8 /* SwiftWrapperForCLib */;
			targetProxy = 16DFB48B220DA3CC0029D9C8 /* PBXContainerItemProxy */;
		};
		16DFB4A6220DA4660029D9C8 /* PBXTargetDependency */ = {
			isa = PBXTargetDependency;
			name = ExampleCLibrary;
			targetProxy = 16DFB4A5220DA4660029D9C8 /* PBXContainerItemProxy */;
		};
/* End PBXTargetDependency section */

/* Begin XCBuildConfiguration section */
		16DFB492220DA3CC0029D9C8 /* Debug */ = {
			isa = XCBuildConfiguration;
			buildSettings = {
				ALWAYS_SEARCH_USER_PATHS = NO;
				CLANG_ANALYZER_NONNULL = YES;
				CLANG_ANALYZER_NUMBER_OBJECT_CONVERSION = YES_AGGRESSIVE;
				CLANG_CXX_LANGUAGE_STANDARD = "gnu++14";
				CLANG_CXX_LIBRARY = "libc++";
				CLANG_ENABLE_MODULES = YES;
				CLANG_ENABLE_OBJC_ARC = YES;
				CLANG_ENABLE_OBJC_WEAK = YES;
				CLANG_WARN_BLOCK_CAPTURE_AUTORELEASING = YES;
				CLANG_WARN_BOOL_CONVERSION = YES;
				CLANG_WARN_COMMA = YES;
				CLANG_WARN_CONSTANT_CONVERSION = YES;
				CLANG_WARN_DEPRECATED_OBJC_IMPLEMENTATIONS = YES;
				CLANG_WARN_DIRECT_OBJC_ISA_USAGE = YES_ERROR;
				CLANG_WARN_DOCUMENTATION_COMMENTS = YES;
				CLANG_WARN_EMPTY_BODY = YES;
				CLANG_WARN_ENUM_CONVERSION = YES;
				CLANG_WARN_INFINITE_RECURSION = YES;
				CLANG_WARN_INT_CONVERSION = YES;
				CLANG_WARN_NON_LITERAL_NULL_CONVERSION = YES;
				CLANG_WARN_OBJC_IMPLICIT_RETAIN_SELF = YES;
				CLANG_WARN_OBJC_LITERAL_CONVERSION = YES;
				CLANG_WARN_OBJC_ROOT_CLASS = YES_ERROR;
				CLANG_WARN_RANGE_LOOP_ANALYSIS = YES;
				CLANG_WARN_STRICT_PROTOTYPES = YES;
				CLANG_WARN_SUSPICIOUS_MOVE = YES;
				CLANG_WARN_UNGUARDED_AVAILABILITY = YES_AGGRESSIVE;
				CLANG_WARN_UNREACHABLE_CODE = YES;
				CLANG_WARN__DUPLICATE_METHOD_MATCH = YES;
				COPY_PHASE_STRIP = NO;
				CURRENT_PROJECT_VERSION = 1;
				DEBUG_INFORMATION_FORMAT = dwarf;
				ENABLE_STRICT_OBJC_MSGSEND = YES;
				ENABLE_TESTABILITY = YES;
				GCC_C_LANGUAGE_STANDARD = gnu11;
				GCC_DYNAMIC_NO_PIC = NO;
				GCC_NO_COMMON_BLOCKS = YES;
				GCC_OPTIMIZATION_LEVEL = 0;
				GCC_PREPROCESSOR_DEFINITIONS = (
					"DEBUG=1",
					"$(inherited)",
				);
				GCC_WARN_64_TO_32_BIT_CONVERSION = YES;
				GCC_WARN_ABOUT_RETURN_TYPE = YES_ERROR;
				GCC_WARN_UNDECLARED_SELECTOR = YES;
				GCC_WARN_UNINITIALIZED_AUTOS = YES_AGGRESSIVE;
				GCC_WARN_UNUSED_FUNCTION = YES;
				GCC_WARN_UNUSED_VARIABLE = YES;
				IPHONEOS_DEPLOYMENT_TARGET = 12.1;
				MTL_ENABLE_DEBUG_INFO = INCLUDE_SOURCE;
				MTL_FAST_MATH = YES;
				ONLY_ACTIVE_ARCH = YES;
				SDKROOT = iphoneos;
				SWIFT_ACTIVE_COMPILATION_CONDITIONS = DEBUG;
				SWIFT_OPTIMIZATION_LEVEL = "-Onone";
				VERSIONING_SYSTEM = "apple-generic";
				VERSION_INFO_PREFIX = "";
			};
			name = Debug;
		};
		16DFB493220DA3CC0029D9C8 /* Release */ = {
			isa = XCBuildConfiguration;
			buildSettings = {
				ALWAYS_SEARCH_USER_PATHS = NO;
				CLANG_ANALYZER_NONNULL = YES;
				CLANG_ANALYZER_NUMBER_OBJECT_CONVERSION = YES_AGGRESSIVE;
				CLANG_CXX_LANGUAGE_STANDARD = "gnu++14";
				CLANG_CXX_LIBRARY = "libc++";
				CLANG_ENABLE_MODULES = YES;
				CLANG_ENABLE_OBJC_ARC = YES;
				CLANG_ENABLE_OBJC_WEAK = YES;
				CLANG_WARN_BLOCK_CAPTURE_AUTORELEASING = YES;
				CLANG_WARN_BOOL_CONVERSION = YES;
				CLANG_WARN_COMMA = YES;
				CLANG_WARN_CONSTANT_CONVERSION = YES;
				CLANG_WARN_DEPRECATED_OBJC_IMPLEMENTATIONS = YES;
				CLANG_WARN_DIRECT_OBJC_ISA_USAGE = YES_ERROR;
				CLANG_WARN_DOCUMENTATION_COMMENTS = YES;
				CLANG_WARN_EMPTY_BODY = YES;
				CLANG_WARN_ENUM_CONVERSION = YES;
				CLANG_WARN_INFINITE_RECURSION = YES;
				CLANG_WARN_INT_CONVERSION = YES;
				CLANG_WARN_NON_LITERAL_NULL_CONVERSION = YES;
				CLANG_WARN_OBJC_IMPLICIT_RETAIN_SELF = YES;
				CLANG_WARN_OBJC_LITERAL_CONVERSION = YES;
				CLANG_WARN_OBJC_ROOT_CLASS = YES_ERROR;
				CLANG_WARN_RANGE_LOOP_ANALYSIS = YES;
				CLANG_WARN_STRICT_PROTOTYPES = YES;
				CLANG_WARN_SUSPICIOUS_MOVE = YES;
				CLANG_WARN_UNGUARDED_AVAILABILITY = YES_AGGRESSIVE;
				CLANG_WARN_UNREACHABLE_CODE = YES;
				CLANG_WARN__DUPLICATE_METHOD_MATCH = YES;
				COPY_PHASE_STRIP = NO;
				CURRENT_PROJECT_VERSION = 1;
				DEBUG_INFORMATION_FORMAT = "dwarf-with-dsym";
				ENABLE_NS_ASSERTIONS = NO;
				ENABLE_STRICT_OBJC_MSGSEND = YES;
				GCC_C_LANGUAGE_STANDARD = gnu11;
				GCC_NO_COMMON_BLOCKS = YES;
				GCC_WARN_64_TO_32_BIT_CONVERSION = YES;
				GCC_WARN_ABOUT_RETURN_TYPE = YES_ERROR;
				GCC_WARN_UNDECLARED_SELECTOR = YES;
				GCC_WARN_UNINITIALIZED_AUTOS = YES_AGGRESSIVE;
				GCC_WARN_UNUSED_FUNCTION = YES;
				GCC_WARN_UNUSED_VARIABLE = YES;
				IPHONEOS_DEPLOYMENT_TARGET = 12.1;
				MTL_ENABLE_DEBUG_INFO = NO;
				MTL_FAST_MATH = YES;
				SDKROOT = iphoneos;
				SWIFT_COMPILATION_MODE = wholemodule;
				SWIFT_OPTIMIZATION_LEVEL = "-O";
				VALIDATE_PRODUCT = YES;
				VERSIONING_SYSTEM = "apple-generic";
				VERSION_INFO_PREFIX = "";
			};
			name = Release;
		};
		16DFB495220DA3CC0029D9C8 /* Debug */ = {
			isa = XCBuildConfiguration;
			buildSettings = {
				CLANG_ENABLE_MODULES = YES;
				CODE_SIGN_IDENTITY = "iPhone Developer";
				CODE_SIGN_STYLE = Manual;
				DEFINES_MODULE = YES;
				DEVELOPMENT_TEAM = HZQ256W5V3;
				DYLIB_COMPATIBILITY_VERSION = 1;
				DYLIB_CURRENT_VERSION = 1;
				DYLIB_INSTALL_NAME_BASE = "@rpath";
				INFOPLIST_FILE = SwiftWrapperForCLib/Info.plist;
				INSTALL_PATH = "$(LOCAL_LIBRARY_DIR)/Frameworks";
				LD_RUNPATH_SEARCH_PATHS = (
					"$(inherited)",
					"@executable_path/Frameworks",
					"@loader_path/Frameworks",
				);
				PRODUCT_BUNDLE_IDENTIFIER = com.humlan.SwiftWrapperForCLib;
				PRODUCT_NAME = "$(TARGET_NAME:c99extidentifier)";
				PROVISIONING_PROFILE_SPECIFIER = "";
				SDKROOT = iphoneos;
				SKIP_INSTALL = YES;
				SWIFT_INCLUDE_PATHS = "$(SRCROOT)/SwiftWrapperForCLib/CWrapper";
				SWIFT_OPTIMIZATION_LEVEL = "-Onone";
				SWIFT_VERSION = 4.2;
				TARGETED_DEVICE_FAMILY = "1,2";
			};
			name = Debug;
		};
		16DFB496220DA3CC0029D9C8 /* Release */ = {
			isa = XCBuildConfiguration;
			buildSettings = {
				CLANG_ENABLE_MODULES = YES;
				CODE_SIGN_IDENTITY = "iPhone Developer";
				CODE_SIGN_STYLE = Manual;
				DEFINES_MODULE = YES;
				DEVELOPMENT_TEAM = "";
				DYLIB_COMPATIBILITY_VERSION = 1;
				DYLIB_CURRENT_VERSION = 1;
				DYLIB_INSTALL_NAME_BASE = "@rpath";
				INFOPLIST_FILE = SwiftWrapperForCLib/Info.plist;
				INSTALL_PATH = "$(LOCAL_LIBRARY_DIR)/Frameworks";
				LD_RUNPATH_SEARCH_PATHS = (
					"$(inherited)",
					"@executable_path/Frameworks",
					"@loader_path/Frameworks",
				);
				PRODUCT_BUNDLE_IDENTIFIER = com.humlan.SwiftWrapperForCLib;
				PRODUCT_NAME = "$(TARGET_NAME:c99extidentifier)";
				PROVISIONING_PROFILE_SPECIFIER = "";
				SDKROOT = iphoneos;
				SKIP_INSTALL = YES;
				SWIFT_INCLUDE_PATHS = "$(SRCROOT)/SwiftWrapperForCLib/CWrapper";
				SWIFT_VERSION = 4.2;
				TARGETED_DEVICE_FAMILY = "1,2";
			};
			name = Release;
		};
		16DFB498220DA3CC0029D9C8 /* Debug */ = {
			isa = XCBuildConfiguration;
			buildSettings = {
				ALWAYS_EMBED_SWIFT_STANDARD_LIBRARIES = YES;
				CODE_SIGN_IDENTITY = "iPhone Developer";
				CODE_SIGN_STYLE = Manual;
				DEVELOPMENT_TEAM = HZQ256W5V3;
				INFOPLIST_FILE = SwiftWrapperForCLibTests/Info.plist;
				LD_RUNPATH_SEARCH_PATHS = (
					"$(inherited)",
					"@executable_path/Frameworks",
					"@loader_path/Frameworks",
				);
				PRODUCT_BUNDLE_IDENTIFIER = com.humlan.SwiftWrapperForCLibTests;
				PRODUCT_NAME = "$(TARGET_NAME)";
				PROVISIONING_PROFILE_SPECIFIER = "";
				SDKROOT = iphoneos;
				SWIFT_VERSION = 4.2;
				TARGETED_DEVICE_FAMILY = "1,2";
			};
			name = Debug;
		};
		16DFB499220DA3CC0029D9C8 /* Release */ = {
			isa = XCBuildConfiguration;
			buildSettings = {
				ALWAYS_EMBED_SWIFT_STANDARD_LIBRARIES = YES;
				CODE_SIGN_IDENTITY = "iPhone Developer";
				CODE_SIGN_STYLE = Manual;
				DEVELOPMENT_TEAM = "";
				INFOPLIST_FILE = SwiftWrapperForCLibTests/Info.plist;
				LD_RUNPATH_SEARCH_PATHS = (
					"$(inherited)",
					"@executable_path/Frameworks",
					"@loader_path/Frameworks",
				);
				PRODUCT_BUNDLE_IDENTIFIER = com.humlan.SwiftWrapperForCLibTests;
				PRODUCT_NAME = "$(TARGET_NAME)";
				PROVISIONING_PROFILE_SPECIFIER = "";
				SDKROOT = iphoneos;
				SWIFT_VERSION = 4.2;
				TARGETED_DEVICE_FAMILY = "1,2";
			};
			name = Release;
		};
/* End XCBuildConfiguration section */

/* Begin XCConfigurationList section */
		16DFB47A220DA3CB0029D9C8 /* Build configuration list for PBXProject "SwiftWrapperForCLib" */ = {
			isa = XCConfigurationList;
			buildConfigurations = (
				16DFB492220DA3CC0029D9C8 /* Debug */,
				16DFB493220DA3CC0029D9C8 /* Release */,
			);
			defaultConfigurationIsVisible = 0;
			defaultConfigurationName = Release;
		};
		16DFB494220DA3CC0029D9C8 /* Build configuration list for PBXNativeTarget "SwiftWrapperForCLib" */ = {
			isa = XCConfigurationList;
			buildConfigurations = (
				16DFB495220DA3CC0029D9C8 /* Debug */,
				16DFB496220DA3CC0029D9C8 /* Release */,
			);
			defaultConfigurationIsVisible = 0;
			defaultConfigurationName = Release;
		};
		16DFB497220DA3CC0029D9C8 /* Build configuration list for PBXNativeTarget "SwiftWrapperForCLibTests" */ = {
			isa = XCConfigurationList;
			buildConfigurations = (
				16DFB498220DA3CC0029D9C8 /* Debug */,
				16DFB499220DA3CC0029D9C8 /* Release */,
			);
			defaultConfigurationIsVisible = 0;
			defaultConfigurationName = Release;
		};
/* End XCConfigurationList section */
	};
	rootObject = 16DFB477220DA3CB0029D9C8 /* Project object */;
}
